// !$*UTF8*$!
{
	archiveVersion = 1;
	classes = {
	};
	objectVersion = 56;
	objects = {

/* Begin PBXBuildFile section */
		F411A5C02957A9A50077B2E6 /* BioBlitzApp.swift in Sources */ = {isa = PBXBuildFile; fileRef = F411A5BF2957A9A50077B2E6 /* BioBlitzApp.swift */; };
		F411A5C22957A9A50077B2E6 /* ContentView.swift in Sources */ = {isa = PBXBuildFile; fileRef = F411A5C12957A9A50077B2E6 /* ContentView.swift */; };
		F411A5C42957A9A60077B2E6 /* Assets.xcassets in Resources */ = {isa = PBXBuildFile; fileRef = F411A5C32957A9A60077B2E6 /* Assets.xcassets */; };
		F411A5C72957A9A60077B2E6 /* Preview Assets.xcassets in Resources */ = {isa = PBXBuildFile; fileRef = F411A5C62957A9A60077B2E6 /* Preview Assets.xcassets */; };
		F411A5CF2957AE0F0077B2E6 /* Bacteria.swift in Sources */ = {isa = PBXBuildFile; fileRef = F411A5CE2957AE0F0077B2E6 /* Bacteria.swift */; };
		F411A5D12957B1840077B2E6 /* BacteriaView.swift in Sources */ = {isa = PBXBuildFile; fileRef = F411A5D02957B1840077B2E6 /* BacteriaView.swift */; };
		F411A5D32957B6E10077B2E6 /* GameBoard.swift in Sources */ = {isa = PBXBuildFile; fileRef = F411A5D22957B6E10077B2E6 /* GameBoard.swift */; };
/* End PBXBuildFile section */

/* Begin PBXFileReference section */
		F411A5BC2957A9A50077B2E6 /* BioBlitz.app */ = {isa = PBXFileReference; explicitFileType = wrapper.application; includeInIndex = 0; path = BioBlitz.app; sourceTree = BUILT_PRODUCTS_DIR; };
		F411A5BF2957A9A50077B2E6 /* BioBlitzApp.swift */ = {isa = PBXFileReference; lastKnownFileType = sourcecode.swift; path = BioBlitzApp.swift; sourceTree = "<group>"; };
		F411A5C12957A9A50077B2E6 /* ContentView.swift */ = {isa = PBXFileReference; lastKnownFileType = sourcecode.swift; path = ContentView.swift; sourceTree = "<group>"; };
		F411A5C32957A9A60077B2E6 /* Assets.xcassets */ = {isa = PBXFileReference; lastKnownFileType = folder.assetcatalog; path = Assets.xcassets; sourceTree = "<group>"; };
		F411A5C62957A9A60077B2E6 /* Preview Assets.xcassets */ = {isa = PBXFileReference; lastKnownFileType = folder.assetcatalog; path = "Preview Assets.xcassets"; sourceTree = "<group>"; };
		F411A5C82957A9A60077B2E6 /* BioBlitz.entitlements */ = {isa = PBXFileReference; lastKnownFileType = text.plist.entitlements; path = BioBlitz.entitlements; sourceTree = "<group>"; };
		F411A5CE2957AE0F0077B2E6 /* Bacteria.swift */ = {isa = PBXFileReference; lastKnownFileType = sourcecode.swift; path = Bacteria.swift; sourceTree = "<group>"; };
		F411A5D02957B1840077B2E6 /* BacteriaView.swift */ = {isa = PBXFileReference; lastKnownFileType = sourcecode.swift; path = BacteriaView.swift; sourceTree = "<group>"; };
		F411A5D22957B6E10077B2E6 /* GameBoard.swift */ = {isa = PBXFileReference; lastKnownFileType = sourcecode.swift; path = GameBoard.swift; sourceTree = "<group>"; };
/* End PBXFileReference section */

/* Begin PBXFrameworksBuildPhase section */
		F411A5B92957A9A50077B2E6 /* Frameworks */ = {
			isa = PBXFrameworksBuildPhase;
			buildActionMask = 2147483647;
			files = (
			);
			runOnlyForDeploymentPostprocessing = 0;
		};
/* End PBXFrameworksBuildPhase section */

/* Begin PBXGroup section */
		F411A5B32957A9A50077B2E6 = {
			isa = PBXGroup;
			children = (
				F411A5BE2957A9A50077B2E6 /* BioBlitz */,
				F411A5BD2957A9A50077B2E6 /* Products */,
			);
			sourceTree = "<group>";
		};
		F411A5BD2957A9A50077B2E6 /* Products */ = {
			isa = PBXGroup;
			children = (
				F411A5BC2957A9A50077B2E6 /* BioBlitz.app */,
			);
			name = Products;
			sourceTree = "<group>";
		};
		F411A5BE2957A9A50077B2E6 /* BioBlitz */ = {
			isa = PBXGroup;
			children = (
				F411A5BF2957A9A50077B2E6 /* BioBlitzApp.swift */,
				F411A5CE2957AE0F0077B2E6 /* Bacteria.swift */,
				F411A5C12957A9A50077B2E6 /* ContentView.swift */,
				F411A5D22957B6E10077B2E6 /* GameBoard.swift */,
				F411A5C32957A9A60077B2E6 /* Assets.xcassets */,
				F411A5C82957A9A60077B2E6 /* BioBlitz.entitlements */,
				F411A5C52957A9A60077B2E6 /* Preview Content */,
				F411A5D02957B1840077B2E6 /* BacteriaView.swift */,
			);
			path = BioBlitz;
			sourceTree = "<group>";
		};
		F411A5C52957A9A60077B2E6 /* Preview Content */ = {
			isa = PBXGroup;
			children = (
				F411A5C62957A9A60077B2E6 /* Preview Assets.xcassets */,
			);
			path = "Preview Content";
			sourceTree = "<group>";
		};
/* End PBXGroup section */

/* Begin PBXNativeTarget section */
		F411A5BB2957A9A50077B2E6 /* BioBlitz */ = {
			isa = PBXNativeTarget;
			buildConfigurationList = F411A5CB2957A9A60077B2E6 /* Build configuration list for PBXNativeTarget "BioBlitz" */;
			buildPhases = (
				F411A5B82957A9A50077B2E6 /* Sources */,
				F411A5B92957A9A50077B2E6 /* Frameworks */,
				F411A5BA2957A9A50077B2E6 /* Resources */,
			);
			buildRules = (
			);
			dependencies = (
			);
			name = BioBlitz;
			productName = BioBlitz;
			productReference = F411A5BC2957A9A50077B2E6 /* BioBlitz.app */;
			productType = "com.apple.product-type.application";
		};
/* End PBXNativeTarget section */

/* Begin PBXProject section */
		F411A5B42957A9A50077B2E6 /* Project object */ = {
			isa = PBXProject;
			attributes = {
				BuildIndependentTargetsInParallel = 1;
				LastSwiftUpdateCheck = 1420;
				LastUpgradeCheck = 1420;
				TargetAttributes = {
					F411A5BB2957A9A50077B2E6 = {
						CreatedOnToolsVersion = 14.2;
					};
				};
			};
			buildConfigurationList = F411A5B72957A9A50077B2E6 /* Build configuration list for PBXProject "BioBlitz" */;
			compatibilityVersion = "Xcode 14.0";
			developmentRegion = en;
			hasScannedForEncodings = 0;
			knownRegions = (
				en,
				Base,
			);
			mainGroup = F411A5B32957A9A50077B2E6;
			productRefGroup = F411A5BD2957A9A50077B2E6 /* Products */;
			projectDirPath = "";
			projectRoot = "";
			targets = (
				F411A5BB2957A9A50077B2E6 /* BioBlitz */,
			);
		};
/* End PBXProject section */

/* Begin PBXResourcesBuildPhase section */
		F411A5BA2957A9A50077B2E6 /* Resources */ = {
			isa = PBXResourcesBuildPhase;
			buildActionMask = 2147483647;
			files = (
				F411A5C72957A9A60077B2E6 /* Preview Assets.xcassets in Resources */,
				F411A5C42957A9A60077B2E6 /* Assets.xcassets in Resources */,
			);
			runOnlyForDeploymentPostprocessing = 0;
		};
/* End PBXResourcesBuildPhase section */

/* Begin PBXSourcesBuildPhase section */
		F411A5B82957A9A50077B2E6 /* Sources */ = {
			isa = PBXSourcesBuildPhase;
			buildActionMask = 2147483647;
			files = (
				F411A5C22957A9A50077B2E6 /* ContentView.swift in Sources */,
				F411A5C02957A9A50077B2E6 /* BioBlitzApp.swift in Sources */,
				F411A5D32957B6E10077B2E6 /* GameBoard.swift in Sources */,
				F411A5CF2957AE0F0077B2E6 /* Bacteria.swift in Sources */,
				F411A5D12957B1840077B2E6 /* BacteriaView.swift in Sources */,
			);
			runOnlyForDeploymentPostprocessing = 0;
		};
/* End PBXSourcesBuildPhase section */

/* Begin XCBuildConfiguration section */
		F411A5C92957A9A60077B2E6 /* Debug */ = {
			isa = XCBuildConfiguration;
			buildSettings = {
				ALWAYS_SEARCH_USER_PATHS = NO;
				CLANG_ANALYZER_NONNULL = YES;
				CLANG_ANALYZER_NUMBER_OBJECT_CONVERSION = YES_AGGRESSIVE;
				CLANG_CXX_LANGUAGE_STANDARD = "gnu++20";
				CLANG_ENABLE_MODULES = YES;
				CLANG_ENABLE_OBJC_ARC = YES;
				CLANG_ENABLE_OBJC_WEAK = YES;
				CLANG_WARN_BLOCK_CAPTURE_AUTORELEASING = YES;
				CLANG_WARN_BOOL_CONVERSION = YES;
				CLANG_WARN_COMMA = YES;
				CLANG_WARN_CONSTANT_CONVERSION = YES;
				CLANG_WARN_DEPRECATED_OBJC_IMPLEMENTATIONS = YES;
				CLANG_WARN_DIRECT_OBJC_ISA_USAGE = YES_ERROR;
				CLANG_WARN_DOCUMENTATION_COMMENTS = YES;
				CLANG_WARN_EMPTY_BODY = YES;
				CLANG_WARN_ENUM_CONVERSION = YES;
				CLANG_WARN_INFINITE_RECURSION = YES;
				CLANG_WARN_INT_CONVERSION = YES;
				CLANG_WARN_NON_LITERAL_NULL_CONVERSION = YES;
				CLANG_WARN_OBJC_IMPLICIT_RETAIN_SELF = YES;
				CLANG_WARN_OBJC_LITERAL_CONVERSION = YES;
				CLANG_WARN_OBJC_ROOT_CLASS = YES_ERROR;
				CLANG_WARN_QUOTED_INCLUDE_IN_FRAMEWORK_HEADER = YES;
				CLANG_WARN_RANGE_LOOP_ANALYSIS = YES;
				CLANG_WARN_STRICT_PROTOTYPES = YES;
				CLANG_WARN_SUSPICIOUS_MOVE = YES;
				CLANG_WARN_UNGUARDED_AVAILABILITY = YES_AGGRESSIVE;
				CLANG_WARN_UNREACHABLE_CODE = YES;
				CLANG_WARN__DUPLICATE_METHOD_MATCH = YES;
				COPY_PHASE_STRIP = NO;
				DEBUG_INFORMATION_FORMAT = dwarf;
				ENABLE_STRICT_OBJC_MSGSEND = YES;
				ENABLE_TESTABILITY = YES;
				GCC_C_LANGUAGE_STANDARD = gnu11;
				GCC_DYNAMIC_NO_PIC = NO;
				GCC_NO_COMMON_BLOCKS = YES;
				GCC_OPTIMIZATION_LEVEL = 0;
				GCC_PREPROCESSOR_DEFINITIONS = (
					"DEBUG=1",
					"$(inherited)",
				);
				GCC_WARN_64_TO_32_BIT_CONVERSION = YES;
				GCC_WARN_ABOUT_RETURN_TYPE = YES_ERROR;
				GCC_WARN_UNDECLARED_SELECTOR = YES;
				GCC_WARN_UNINITIALIZED_AUTOS = YES_AGGRESSIVE;
				GCC_WARN_UNUSED_FUNCTION = YES;
				GCC_WARN_UNUSED_VARIABLE = YES;
				MACOSX_DEPLOYMENT_TARGET = 13.0;
				MTL_ENABLE_DEBUG_INFO = INCLUDE_SOURCE;
				MTL_FAST_MATH = YES;
				ONLY_ACTIVE_ARCH = YES;
				SDKROOT = macosx;
				SWIFT_ACTIVE_COMPILATION_CONDITIONS = DEBUG;
				SWIFT_OPTIMIZATION_LEVEL = "-Onone";
			};
			name = Debug;
		};
		F411A5CA2957A9A60077B2E6 /* Release */ = {
			isa = XCBuildConfiguration;
			buildSettings = {
				ALWAYS_SEARCH_USER_PATHS = NO;
				CLANG_ANALYZER_NONNULL = YES;
				CLANG_ANALYZER_NUMBER_OBJECT_CONVERSION = YES_AGGRESSIVE;
				CLANG_CXX_LANGUAGE_STANDARD = "gnu++20";
				CLANG_ENABLE_MODULES = YES;
				CLANG_ENABLE_OBJC_ARC = YES;
				CLANG_ENABLE_OBJC_WEAK = YES;
				CLANG_WARN_BLOCK_CAPTURE_AUTORELEASING = YES;
				CLANG_WARN_BOOL_CONVERSION = YES;
				CLANG_WARN_COMMA = YES;
				CLANG_WARN_CONSTANT_CONVERSION = YES;
				CLANG_WARN_DEPRECATED_OBJC_IMPLEMENTATIONS = YES;
				CLANG_WARN_DIRECT_OBJC_ISA_USAGE = YES_ERROR;
				CLANG_WARN_DOCUMENTATION_COMMENTS = YES;
				CLANG_WARN_EMPTY_BODY = YES;
				CLANG_WARN_ENUM_CONVERSION = YES;
				CLANG_WARN_INFINITE_RECURSION = YES;
				CLANG_WARN_INT_CONVERSION = YES;
				CLANG_WARN_NON_LITERAL_NULL_CONVERSION = YES;
				CLANG_WARN_OBJC_IMPLICIT_RETAIN_SELF = YES;
				CLANG_WARN_OBJC_LITERAL_CONVERSION = YES;
				CLANG_WARN_OBJC_ROOT_CLASS = YES_ERROR;
				CLANG_WARN_QUOTED_INCLUDE_IN_FRAMEWORK_HEADER = YES;
				CLANG_WARN_RANGE_LOOP_ANALYSIS = YES;
				CLANG_WARN_STRICT_PROTOTYPES = YES;
				CLANG_WARN_SUSPICIOUS_MOVE = YES;
				CLANG_WARN_UNGUARDED_AVAILABILITY = YES_AGGRESSIVE;
				CLANG_WARN_UNREACHABLE_CODE = YES;
				CLANG_WARN__DUPLICATE_METHOD_MATCH = YES;
				COPY_PHASE_STRIP = NO;
				DEBUG_INFORMATION_FORMAT = "dwarf-with-dsym";
				ENABLE_NS_ASSERTIONS = NO;
				ENABLE_STRICT_OBJC_MSGSEND = YES;
				GCC_C_LANGUAGE_STANDARD = gnu11;
				GCC_NO_COMMON_BLOCKS = YES;
				GCC_WARN_64_TO_32_BIT_CONVERSION = YES;
				GCC_WARN_ABOUT_RETURN_TYPE = YES_ERROR;
				GCC_WARN_UNDECLARED_SELECTOR = YES;
				GCC_WARN_UNINITIALIZED_AUTOS = YES_AGGRESSIVE;
				GCC_WARN_UNUSED_FUNCTION = YES;
				GCC_WARN_UNUSED_VARIABLE = YES;
				MACOSX_DEPLOYMENT_TARGET = 13.0;
				MTL_ENABLE_DEBUG_INFO = NO;
				MTL_FAST_MATH = YES;
				SDKROOT = macosx;
				SWIFT_COMPILATION_MODE = wholemodule;
				SWIFT_OPTIMIZATION_LEVEL = "-O";
			};
			name = Release;
		};
		F411A5CC2957A9A60077B2E6 /* Debug */ = {
			isa = XCBuildConfiguration;
			buildSettings = {
				ASSETCATALOG_COMPILER_APPICON_NAME = AppIcon;
				ASSETCATALOG_COMPILER_GLOBAL_ACCENT_COLOR_NAME = AccentColor;
				CODE_SIGN_ENTITLEMENTS = BioBlitz/BioBlitz.entitlements;
				CODE_SIGN_STYLE = Automatic;
				COMBINE_HIDPI_IMAGES = YES;
				CURRENT_PROJECT_VERSION = 1;
				DEVELOPMENT_ASSET_PATHS = "\"BioBlitz/Preview Content\"";
				DEVELOPMENT_TEAM = 3CJC8K8PV7;
				ENABLE_HARDENED_RUNTIME = YES;
				ENABLE_PREVIEWS = YES;
				GENERATE_INFOPLIST_FILE = YES;
				INFOPLIST_KEY_NSHumanReadableCopyright = "";
				LD_RUNPATH_SEARCH_PATHS = (
					"$(inherited)",
					"@executable_path/../Frameworks",
				);
				MARKETING_VERSION = 1.0;
				PRODUCT_BUNDLE_IDENTIFIER = com.yuriylutsenko.BioBlitz;
				PRODUCT_NAME = "$(TARGET_NAME)";
				SWIFT_EMIT_LOC_STRINGS = YES;
				SWIFT_VERSION = 5.0;
			};
			name = Debug;
		};
		F411A5CD2957A9A60077B2E6 /* Release */ = {
			isa = XCBuildConfiguration;
			buildSettings = {
				ASSETCATALOG_COMPILER_APPICON_NAME = AppIcon;
				ASSETCATALOG_COMPILER_GLOBAL_ACCENT_COLOR_NAME = AccentColor;
				CODE_SIGN_ENTITLEMENTS = BioBlitz/BioBlitz.entitlements;
				CODE_SIGN_STYLE = Automatic;
				COMBINE_HIDPI_IMAGES = YES;
				CURRENT_PROJECT_VERSION = 1;
				DEVELOPMENT_ASSET_PATHS = "\"BioBlitz/Preview Content\"";
				DEVELOPMENT_TEAM = 3CJC8K8PV7;
				ENABLE_HARDENED_RUNTIME = YES;
				ENABLE_PREVIEWS = YES;
				GENERATE_INFOPLIST_FILE = YES;
				INFOPLIST_KEY_NSHumanReadableCopyright = "";
				LD_RUNPATH_SEARCH_PATHS = (
					"$(inherited)",
					"@executable_path/../Frameworks",
				);
				MARKETING_VERSION = 1.0;
				PRODUCT_BUNDLE_IDENTIFIER = com.yuriylutsenko.BioBlitz;
				PRODUCT_NAME = "$(TARGET_NAME)";
				SWIFT_EMIT_LOC_STRINGS = YES;
				SWIFT_VERSION = 5.0;
			};
			name = Release;
		};
/* End XCBuildConfiguration section */

/* Begin XCConfigurationList section */
		F411A5B72957A9A50077B2E6 /* Build configuration list for PBXProject "BioBlitz" */ = {
			isa = XCConfigurationList;
			buildConfigurations = (
				F411A5C92957A9A60077B2E6 /* Debug */,
				F411A5CA2957A9A60077B2E6 /* Release */,
			);
			defaultConfigurationIsVisible = 0;
			defaultConfigurationName = Release;
		};
		F411A5CB2957A9A60077B2E6 /* Build configuration list for PBXNativeTarget "BioBlitz" */ = {
			isa = XCConfigurationList;
			buildConfigurations = (
				F411A5CC2957A9A60077B2E6 /* Debug */,
				F411A5CD2957A9A60077B2E6 /* Release */,
			);
			defaultConfigurationIsVisible = 0;
			defaultConfigurationName = Release;
		};
/* End XCConfigurationList section */
	};
	rootObject = F411A5B42957A9A50077B2E6 /* Project object */;
}
